
Microsoft Visual Studio Solution File, Format Version 12.00
# Visual Studio Version 16
VisualStudioVersion = 16.0.30523.141
MinimumVisualStudioVersion = 10.0.40219.1
Project("{FAE04EC0-301F-11D3-BF4B-00C04F79EFBC}") = "SuScs", "SuScs\SuScs.csproj", "{D9912A0D-EC00-4BD9-AABA-EF97405DFCAE}"
EndProject
Global
	GlobalSection(SolutionConfigurationPlatforms) = preSolution
		Debug|Any CPU = Debug|Any CPU
		Release|Any CPU = Release|Any CPU
	EndGlobalSection
	GlobalSection(ProjectConfigurationPlatforms) = postSolution
		{D9912A0D-EC00-4BD9-AABA-EF97405DFCAE}.Debug|Any CPU.ActiveCfg = Debug|Any CPU
		{D9912A0D-EC00-4BD9-AABA-EF97405DFCAE}.Debug|Any CPU.Build.0 = Debug|Any CPU
		{D9912A0D-EC00-4BD9-AABA-EF97405DFCAE}.Release|Any CPU.ActiveCfg = Release|Any CPU
		{D9912A0D-EC00-4BD9-AABA-EF97405DFCAE}.Release|Any CPU.Build.0 = Release|Any CPU
	EndGlobalSection
	GlobalSection(SolutionProperties) = preSolution
		HideSolutionNode = FALSE
	EndGlobalSection
	GlobalSection(ExtensibilityGlobals) = postSolution
		SolutionGuid = {8458EC9E-4B39-4122-BF98-9C69F0B9906D}
	EndGlobalSection
EndGlobal
